
Microsoft Visual Studio Solution File, Format Version 12.00
# Visual Studio Version 17
VisualStudioVersion = 17.2.32616.157
MinimumVisualStudioVersion = 10.0.40219.1
Project("{FAE04EC0-301F-11D3-BF4B-00C04F79EFBC}") = "WSColegio", "WSColegio.csproj", "{D87D7C8C-2B90-4D12-99BA-8A9327C27CC6}"
EndProject
Global
	GlobalSection(SolutionConfigurationPlatforms) = preSolution
		Debug|Any CPU = Debug|Any CPU
		Release|Any CPU = Release|Any CPU
	EndGlobalSection
	GlobalSection(ProjectConfigurationPlatforms) = postSolution
		{D87D7C8C-2B90-4D12-99BA-8A9327C27CC6}.Debug|Any CPU.ActiveCfg = Debug|Any CPU
		{D87D7C8C-2B90-4D12-99BA-8A9327C27CC6}.Debug|Any CPU.Build.0 = Debug|Any CPU
		{D87D7C8C-2B90-4D12-99BA-8A9327C27CC6}.Release|Any CPU.ActiveCfg = Release|Any CPU
		{D87D7C8C-2B90-4D12-99BA-8A9327C27CC6}.Release|Any CPU.Build.0 = Release|Any CPU
	EndGlobalSection
	GlobalSection(SolutionProperties) = preSolution
		HideSolutionNode = FALSE
	EndGlobalSection
	GlobalSection(ExtensibilityGlobals) = postSolution
		SolutionGuid = {5298CE88-CD45-4B58-8A99-28F36CCF64F2}
	EndGlobalSection
EndGlobal
